// !$*UTF8*$!
{
	archiveVersion = 1;
	classes = {
	};
	objectVersion = 46;
	objects = {

/* Begin PBXBuildFile section */
		2108542C1CC20F5C0091D649 /* main.m in Sources */ = {isa = PBXBuildFile; fileRef = 2108542B1CC20F5C0091D649 /* main.m */; };
		2108542F1CC20F5C0091D649 /* AppDelegate.m in Sources */ = {isa = PBXBuildFile; fileRef = 2108542E1CC20F5C0091D649 /* AppDelegate.m */; };
		210854351CC20F5C0091D649 /* Main.storyboard in Resources */ = {isa = PBXBuildFile; fileRef = 210854331CC20F5C0091D649 /* Main.storyboard */; };
		210854381CC20F5C0091D649 /* AdventureClub.xcdatamodeld in Sources */ = {isa = PBXBuildFile; fileRef = 210854361CC20F5C0091D649 /* AdventureClub.xcdatamodeld */; };
		2108543A1CC20F5C0091D649 /* Assets.xcassets in Resources */ = {isa = PBXBuildFile; fileRef = 210854391CC20F5C0091D649 /* Assets.xcassets */; };
		2108543D1CC20F5C0091D649 /* LaunchScreen.storyboard in Resources */ = {isa = PBXBuildFile; fileRef = 2108543B1CC20F5C0091D649 /* LaunchScreen.storyboard */; };
		210854481CC20F5C0091D649 /* AdventureClubTests.m in Sources */ = {isa = PBXBuildFile; fileRef = 210854471CC20F5C0091D649 /* AdventureClubTests.m */; };
		210854531CC20F5C0091D649 /* AdventureClubUITests.m in Sources */ = {isa = PBXBuildFile; fileRef = 210854521CC20F5C0091D649 /* AdventureClubUITests.m */; };
		2108546B1CC21C460091D649 /* StorageMgr.m in Sources */ = {isa = PBXBuildFile; fileRef = 210854681CC21C460091D649 /* StorageMgr.m */; };
		2108546C1CC21C460091D649 /* Utilities.m in Sources */ = {isa = PBXBuildFile; fileRef = 2108546A1CC21C460091D649 /* Utilities.m */; };
		210854711CC21DE00091D649 /* Bolts.framework in Frameworks */ = {isa = PBXBuildFile; fileRef = 2108546F1CC21DE00091D649 /* Bolts.framework */; };
		210854721CC21DE00091D649 /* Parse.framework in Frameworks */ = {isa = PBXBuildFile; fileRef = 210854701CC21DE00091D649 /* Parse.framework */; };
		210854741CC21DF10091D649 /* SystemConfiguration.framework in Frameworks */ = {isa = PBXBuildFile; fileRef = 210854731CC21DF10091D649 /* SystemConfiguration.framework */; };
		210854761CC21E010091D649 /* AudioToolbox.framework in Frameworks */ = {isa = PBXBuildFile; fileRef = 210854751CC21E010091D649 /* AudioToolbox.framework */; };
		210854781CC21E1F0091D649 /* libsqlite3.tbd in Frameworks */ = {isa = PBXBuildFile; fileRef = 210854771CC21E1F0091D649 /* libsqlite3.tbd */; };
		2108547A1CC21F4E0091D649 /* StoreKit.framework in Frameworks */ = {isa = PBXBuildFile; fileRef = 210854791CC21F4E0091D649 /* StoreKit.framework */; };
		2108547C1CC21F5D0091D649 /* CoreLocation.framework in Frameworks */ = {isa = PBXBuildFile; fileRef = 2108547B1CC21F5D0091D649 /* CoreLocation.framework */; };
		2108547E1CC21F6A0091D649 /* Accounts.framework in Frameworks */ = {isa = PBXBuildFile; fileRef = 2108547D1CC21F6A0091D649 /* Accounts.framework */; };
		210854801CC21F790091D649 /* Social.framework in Frameworks */ = {isa = PBXBuildFile; fileRef = 2108547F1CC21F790091D649 /* Social.framework */; };
		210A0F3B1CC37D5200FCE248 /* TAAbstractDotView.m in Sources */ = {isa = PBXBuildFile; fileRef = 210A0F341CC37D5200FCE248 /* TAAbstractDotView.m */; };
		210A0F3C1CC37D5200FCE248 /* TAAnimatedDotView.m in Sources */ = {isa = PBXBuildFile; fileRef = 210A0F361CC37D5200FCE248 /* TAAnimatedDotView.m */; };
		210A0F3D1CC37D5200FCE248 /* TADotView.m in Sources */ = {isa = PBXBuildFile; fileRef = 210A0F381CC37D5200FCE248 /* TADotView.m */; };
		210A0F3E1CC37D5200FCE248 /* TAPageControl.m in Sources */ = {isa = PBXBuildFile; fileRef = 210A0F3A1CC37D5200FCE248 /* TAPageControl.m */; };
		210A0F451CC37D6100FCE248 /* SDCollectionViewCell.m in Sources */ = {isa = PBXBuildFile; fileRef = 210A0F401CC37D6100FCE248 /* SDCollectionViewCell.m */; };
		210A0F461CC37D6100FCE248 /* SDCycleScrollView.m in Sources */ = {isa = PBXBuildFile; fileRef = 210A0F421CC37D6100FCE248 /* SDCycleScrollView.m */; };
		210A0F471CC37D6100FCE248 /* UIView+SDExtension.m in Sources */ = {isa = PBXBuildFile; fileRef = 210A0F441CC37D6100FCE248 /* UIView+SDExtension.m */; };
		29A8BED2CAFE1D932310508B /* libPods.a in Frameworks */ = {isa = PBXBuildFile; fileRef = DDF3F6FD02F57CD7698AB8F0 /* libPods.a */; };
		300CFC731CC5C1E300E3F040 /* Storyboard1.storyboard in Resources */ = {isa = PBXBuildFile; fileRef = 300CFC721CC5C1E300E3F040 /* Storyboard1.storyboard */; };
		300CFC751CC5C1FC00E3F040 /* Storyboard2.storyboard in Resources */ = {isa = PBXBuildFile; fileRef = 300CFC741CC5C1FC00E3F040 /* Storyboard2.storyboard */; };
		300CFC771CC5C20F00E3F040 /* Storyboard3.storyboard in Resources */ = {isa = PBXBuildFile; fileRef = 300CFC761CC5C20F00E3F040 /* Storyboard3.storyboard */; };
		300CFC7A1CC5C5CA00E3F040 /* resetpasswordViewController.m in Sources */ = {isa = PBXBuildFile; fileRef = 300CFC791CC5C5CA00E3F040 /* resetpasswordViewController.m */; };
		307A475F1CC4C90E008AE94D /* KSGuideManager.m in Sources */ = {isa = PBXBuildFile; fileRef = 307A475E1CC4C90E008AE94D /* KSGuideManager.m */; };
		307A47641CC4CAAE008AE94D /* 1.jpg in Resources */ = {isa = PBXBuildFile; fileRef = 307A47601CC4CAAE008AE94D /* 1.jpg */; };
		307A47651CC4CAAE008AE94D /* 2.jpg in Resources */ = {isa = PBXBuildFile; fileRef = 307A47611CC4CAAE008AE94D /* 2.jpg */; };
		307A47661CC4CAAE008AE94D /* 3.jpg in Resources */ = {isa = PBXBuildFile; fileRef = 307A47621CC4CAAE008AE94D /* 3.jpg */; };
		307A47671CC4CAAE008AE94D /* 4.jpg in Resources */ = {isa = PBXBuildFile; fileRef = 307A47631CC4CAAE008AE94D /* 4.jpg */; };
		30F94B331CC3937200CB1666 /* HomeViewController.m in Sources */ = {isa = PBXBuildFile; fileRef = 30F94B321CC3937200CB1666 /* HomeViewController.m */; };
		7C1E085F1CC233EA0067ED20 /* MineViewController.m in Sources */ = {isa = PBXBuildFile; fileRef = 7C1E085E1CC233EA0067ED20 /* MineViewController.m */; };
		7C1E08621CC23C1C0067ED20 /* TabBarViewController.m in Sources */ = {isa = PBXBuildFile; fileRef = 7C1E08611CC23C1C0067ED20 /* TabBarViewController.m */; };
		7C1E08681CC23D0B0067ED20 /* MessageViewController.m in Sources */ = {isa = PBXBuildFile; fileRef = 7C1E08671CC23D0B0067ED20 /* MessageViewController.m */; };
		7C1E086B1CC247F40067ED20 /* SignInViewController.m in Sources */ = {isa = PBXBuildFile; fileRef = 7C1E086A1CC247F40067ED20 /* SignInViewController.m */; };
		7C1E086E1CC248200067ED20 /* SignUpViewController.m in Sources */ = {isa = PBXBuildFile; fileRef = 7C1E086D1CC248200067ED20 /* SignUpViewController.m */; };
		7CABC6381CC490A400E74472 /* FaBuViewController.m in Sources */ = {isa = PBXBuildFile; fileRef = 7CABC6371CC490A400E74472 /* FaBuViewController.m */; };
		7CABC63B1CC4CEEA00E74472 /* SheZhiViewController.m in Sources */ = {isa = PBXBuildFile; fileRef = 7CABC63A1CC4CEEA00E74472 /* SheZhiViewController.m */; };
		7CC038051CC37F36006FFA2B /* HomeTableViewCell.m in Sources */ = {isa = PBXBuildFile; fileRef = 7CC038041CC37F36006FFA2B /* HomeTableViewCell.m */; };
		E6F867F61CC5FBB20091C15F /* PersonalViewController.m in Sources */ = {isa = PBXBuildFile; fileRef = E6F867F51CC5FBB20091C15F /* PersonalViewController.m */; };
		E6F867F91CC608A50091C15F /* FocusOnTableViewController.m in Sources */ = {isa = PBXBuildFile; fileRef = E6F867F81CC608A50091C15F /* FocusOnTableViewController.m */; };
/* End PBXBuildFile section */

/* Begin PBXContainerItemProxy section */
		210854441CC20F5C0091D649 /* PBXContainerItemProxy */ = {
			isa = PBXContainerItemProxy;
			containerPortal = 2108541F1CC20F5C0091D649 /* Project object */;
			proxyType = 1;
			remoteGlobalIDString = 210854261CC20F5C0091D649;
			remoteInfo = AdventureClub;
		};
		2108544F1CC20F5C0091D649 /* PBXContainerItemProxy */ = {
			isa = PBXContainerItemProxy;
			containerPortal = 2108541F1CC20F5C0091D649 /* Project object */;
			proxyType = 1;
			remoteGlobalIDString = 210854261CC20F5C0091D649;
			remoteInfo = AdventureClub;
		};
/* End PBXContainerItemProxy section */

/* Begin PBXFileReference section */
		210854271CC20F5C0091D649 /* AdventureClub.app */ = {isa = PBXFileReference; explicitFileType = wrapper.application; includeInIndex = 0; path = AdventureClub.app; sourceTree = BUILT_PRODUCTS_DIR; };
		2108542B1CC20F5C0091D649 /* main.m */ = {isa = PBXFileReference; lastKnownFileType = sourcecode.c.objc; path = main.m; sourceTree = "<group>"; };
		2108542D1CC20F5C0091D649 /* AppDelegate.h */ = {isa = PBXFileReference; lastKnownFileType = sourcecode.c.h; path = AppDelegate.h; sourceTree = "<group>"; };
		2108542E1CC20F5C0091D649 /* AppDelegate.m */ = {isa = PBXFileReference; lastKnownFileType = sourcecode.c.objc; path = AppDelegate.m; sourceTree = "<group>"; };
		210854341CC20F5C0091D649 /* Base */ = {isa = PBXFileReference; lastKnownFileType = file.storyboard; name = Base; path = Base.lproj/Main.storyboard; sourceTree = "<group>"; };
		210854371CC20F5C0091D649 /* AdventureClub.xcdatamodel */ = {isa = PBXFileReference; lastKnownFileType = wrapper.xcdatamodel; path = AdventureClub.xcdatamodel; sourceTree = "<group>"; };
		210854391CC20F5C0091D649 /* Assets.xcassets */ = {isa = PBXFileReference; lastKnownFileType = folder.assetcatalog; path = Assets.xcassets; sourceTree = "<group>"; };
		2108543C1CC20F5C0091D649 /* Base */ = {isa = PBXFileReference; lastKnownFileType = file.storyboard; name = Base; path = Base.lproj/LaunchScreen.storyboard; sourceTree = "<group>"; };
		2108543E1CC20F5C0091D649 /* Info.plist */ = {isa = PBXFileReference; lastKnownFileType = text.plist.xml; path = Info.plist; sourceTree = "<group>"; };
		210854431CC20F5C0091D649 /* AdventureClubTests.xctest */ = {isa = PBXFileReference; explicitFileType = wrapper.cfbundle; includeInIndex = 0; path = AdventureClubTests.xctest; sourceTree = BUILT_PRODUCTS_DIR; };
		210854471CC20F5C0091D649 /* AdventureClubTests.m */ = {isa = PBXFileReference; lastKnownFileType = sourcecode.c.objc; path = AdventureClubTests.m; sourceTree = "<group>"; };
		210854491CC20F5C0091D649 /* Info.plist */ = {isa = PBXFileReference; lastKnownFileType = text.plist.xml; path = Info.plist; sourceTree = "<group>"; };
		2108544E1CC20F5C0091D649 /* AdventureClubUITests.xctest */ = {isa = PBXFileReference; explicitFileType = wrapper.cfbundle; includeInIndex = 0; path = AdventureClubUITests.xctest; sourceTree = BUILT_PRODUCTS_DIR; };
		210854521CC20F5C0091D649 /* AdventureClubUITests.m */ = {isa = PBXFileReference; lastKnownFileType = sourcecode.c.objc; path = AdventureClubUITests.m; sourceTree = "<group>"; };
		210854541CC20F5C0091D649 /* Info.plist */ = {isa = PBXFileReference; lastKnownFileType = text.plist.xml; path = Info.plist; sourceTree = "<group>"; };
		210854671CC21C460091D649 /* StorageMgr.h */ = {isa = PBXFileReference; fileEncoding = 4; lastKnownFileType = sourcecode.c.h; path = StorageMgr.h; sourceTree = "<group>"; };
		210854681CC21C460091D649 /* StorageMgr.m */ = {isa = PBXFileReference; fileEncoding = 4; lastKnownFileType = sourcecode.c.objc; path = StorageMgr.m; sourceTree = "<group>"; };
		210854691CC21C460091D649 /* Utilities.h */ = {isa = PBXFileReference; fileEncoding = 4; lastKnownFileType = sourcecode.c.h; path = Utilities.h; sourceTree = "<group>"; };
		2108546A1CC21C460091D649 /* Utilities.m */ = {isa = PBXFileReference; fileEncoding = 4; lastKnownFileType = sourcecode.c.objc; path = Utilities.m; sourceTree = "<group>"; };
		2108546D1CC21C550091D649 /* Constants.h */ = {isa = PBXFileReference; lastKnownFileType = sourcecode.c.h; path = Constants.h; sourceTree = "<group>"; };
		2108546E1CC21C850091D649 /* PrefixHeader.pch */ = {isa = PBXFileReference; lastKnownFileType = sourcecode.c.h; path = PrefixHeader.pch; sourceTree = "<group>"; };
		2108546F1CC21DE00091D649 /* Bolts.framework */ = {isa = PBXFileReference; lastKnownFileType = wrapper.framework; name = Bolts.framework; path = AdventureClub/Bolts.framework; sourceTree = "<group>"; };
		210854701CC21DE00091D649 /* Parse.framework */ = {isa = PBXFileReference; lastKnownFileType = wrapper.framework; name = Parse.framework; path = AdventureClub/Parse.framework; sourceTree = "<group>"; };
		210854731CC21DF10091D649 /* SystemConfiguration.framework */ = {isa = PBXFileReference; lastKnownFileType = wrapper.framework; name = SystemConfiguration.framework; path = System/Library/Frameworks/SystemConfiguration.framework; sourceTree = SDKROOT; };
		210854751CC21E010091D649 /* AudioToolbox.framework */ = {isa = PBXFileReference; lastKnownFileType = wrapper.framework; name = AudioToolbox.framework; path = System/Library/Frameworks/AudioToolbox.framework; sourceTree = SDKROOT; };
		210854771CC21E1F0091D649 /* libsqlite3.tbd */ = {isa = PBXFileReference; lastKnownFileType = "sourcecode.text-based-dylib-definition"; name = libsqlite3.tbd; path = usr/lib/libsqlite3.tbd; sourceTree = SDKROOT; };
		210854791CC21F4E0091D649 /* StoreKit.framework */ = {isa = PBXFileReference; lastKnownFileType = wrapper.framework; name = StoreKit.framework; path = System/Library/Frameworks/StoreKit.framework; sourceTree = SDKROOT; };
		2108547B1CC21F5D0091D649 /* CoreLocation.framework */ = {isa = PBXFileReference; lastKnownFileType = wrapper.framework; name = CoreLocation.framework; path = System/Library/Frameworks/CoreLocation.framework; sourceTree = SDKROOT; };
		2108547D1CC21F6A0091D649 /* Accounts.framework */ = {isa = PBXFileReference; lastKnownFileType = wrapper.framework; name = Accounts.framework; path = System/Library/Frameworks/Accounts.framework; sourceTree = SDKROOT; };
		2108547F1CC21F790091D649 /* Social.framework */ = {isa = PBXFileReference; lastKnownFileType = wrapper.framework; name = Social.framework; path = System/Library/Frameworks/Social.framework; sourceTree = SDKROOT; };
		210A0F331CC37D5200FCE248 /* TAAbstractDotView.h */ = {isa = PBXFileReference; fileEncoding = 4; lastKnownFileType = sourcecode.c.h; name = TAAbstractDotView.h; path = Lib/SDCycleScrollView/PageControl/TAAbstractDotView.h; sourceTree = "<group>"; };
		210A0F341CC37D5200FCE248 /* TAAbstractDotView.m */ = {isa = PBXFileReference; fileEncoding = 4; lastKnownFileType = sourcecode.c.objc; name = TAAbstractDotView.m; path = Lib/SDCycleScrollView/PageControl/TAAbstractDotView.m; sourceTree = "<group>"; };
		210A0F351CC37D5200FCE248 /* TAAnimatedDotView.h */ = {isa = PBXFileReference; fileEncoding = 4; lastKnownFileType = sourcecode.c.h; name = TAAnimatedDotView.h; path = Lib/SDCycleScrollView/PageControl/TAAnimatedDotView.h; sourceTree = "<group>"; };
		210A0F361CC37D5200FCE248 /* TAAnimatedDotView.m */ = {isa = PBXFileReference; fileEncoding = 4; lastKnownFileType = sourcecode.c.objc; name = TAAnimatedDotView.m; path = Lib/SDCycleScrollView/PageControl/TAAnimatedDotView.m; sourceTree = "<group>"; };
		210A0F371CC37D5200FCE248 /* TADotView.h */ = {isa = PBXFileReference; fileEncoding = 4; lastKnownFileType = sourcecode.c.h; name = TADotView.h; path = Lib/SDCycleScrollView/PageControl/TADotView.h; sourceTree = "<group>"; };
		210A0F381CC37D5200FCE248 /* TADotView.m */ = {isa = PBXFileReference; fileEncoding = 4; lastKnownFileType = sourcecode.c.objc; name = TADotView.m; path = Lib/SDCycleScrollView/PageControl/TADotView.m; sourceTree = "<group>"; };
		210A0F391CC37D5200FCE248 /* TAPageControl.h */ = {isa = PBXFileReference; fileEncoding = 4; lastKnownFileType = sourcecode.c.h; name = TAPageControl.h; path = Lib/SDCycleScrollView/PageControl/TAPageControl.h; sourceTree = "<group>"; };
		210A0F3A1CC37D5200FCE248 /* TAPageControl.m */ = {isa = PBXFileReference; fileEncoding = 4; lastKnownFileType = sourcecode.c.objc; name = TAPageControl.m; path = Lib/SDCycleScrollView/PageControl/TAPageControl.m; sourceTree = "<group>"; };
		210A0F3F1CC37D6100FCE248 /* SDCollectionViewCell.h */ = {isa = PBXFileReference; fileEncoding = 4; lastKnownFileType = sourcecode.c.h; name = SDCollectionViewCell.h; path = Lib/SDCycleScrollView/SDCollectionViewCell.h; sourceTree = "<group>"; };
		210A0F401CC37D6100FCE248 /* SDCollectionViewCell.m */ = {isa = PBXFileReference; fileEncoding = 4; lastKnownFileType = sourcecode.c.objc; name = SDCollectionViewCell.m; path = Lib/SDCycleScrollView/SDCollectionViewCell.m; sourceTree = "<group>"; };
		210A0F411CC37D6100FCE248 /* SDCycleScrollView.h */ = {isa = PBXFileReference; fileEncoding = 4; lastKnownFileType = sourcecode.c.h; name = SDCycleScrollView.h; path = Lib/SDCycleScrollView/SDCycleScrollView.h; sourceTree = "<group>"; };
		210A0F421CC37D6100FCE248 /* SDCycleScrollView.m */ = {isa = PBXFileReference; fileEncoding = 4; lastKnownFileType = sourcecode.c.objc; name = SDCycleScrollView.m; path = Lib/SDCycleScrollView/SDCycleScrollView.m; sourceTree = "<group>"; };
		210A0F431CC37D6100FCE248 /* UIView+SDExtension.h */ = {isa = PBXFileReference; fileEncoding = 4; lastKnownFileType = sourcecode.c.h; name = "UIView+SDExtension.h"; path = "Lib/SDCycleScrollView/UIView+SDExtension.h"; sourceTree = "<group>"; };
		210A0F441CC37D6100FCE248 /* UIView+SDExtension.m */ = {isa = PBXFileReference; fileEncoding = 4; lastKnownFileType = sourcecode.c.objc; name = "UIView+SDExtension.m"; path = "Lib/SDCycleScrollView/UIView+SDExtension.m"; sourceTree = "<group>"; };
		300CFC721CC5C1E300E3F040 /* Storyboard1.storyboard */ = {isa = PBXFileReference; fileEncoding = 4; lastKnownFileType = file.storyboard; path = Storyboard1.storyboard; sourceTree = "<group>"; };
		300CFC741CC5C1FC00E3F040 /* Storyboard2.storyboard */ = {isa = PBXFileReference; fileEncoding = 4; lastKnownFileType = file.storyboard; path = Storyboard2.storyboard; sourceTree = "<group>"; };
		300CFC761CC5C20F00E3F040 /* Storyboard3.storyboard */ = {isa = PBXFileReference; fileEncoding = 4; lastKnownFileType = file.storyboard; path = Storyboard3.storyboard; sourceTree = "<group>"; };
		300CFC781CC5C5CA00E3F040 /* resetpasswordViewController.h */ = {isa = PBXFileReference; fileEncoding = 4; lastKnownFileType = sourcecode.c.h; path = resetpasswordViewController.h; sourceTree = "<group>"; };
		300CFC791CC5C5CA00E3F040 /* resetpasswordViewController.m */ = {isa = PBXFileReference; fileEncoding = 4; lastKnownFileType = sourcecode.c.objc; path = resetpasswordViewController.m; sourceTree = "<group>"; };
		307A475D1CC4C90E008AE94D /* KSGuideManager.h */ = {isa = PBXFileReference; fileEncoding = 4; lastKnownFileType = sourcecode.c.h; name = KSGuideManager.h; path = src/KSGuideManager.h; sourceTree = "<group>"; };
		307A475E1CC4C90E008AE94D /* KSGuideManager.m */ = {isa = PBXFileReference; fileEncoding = 4; lastKnownFileType = sourcecode.c.objc; name = KSGuideManager.m; path = src/KSGuideManager.m; sourceTree = "<group>"; };
		307A47601CC4CAAE008AE94D /* 1.jpg */ = {isa = PBXFileReference; lastKnownFileType = image.jpeg; path = 1.jpg; sourceTree = "<group>"; };
		307A47611CC4CAAE008AE94D /* 2.jpg */ = {isa = PBXFileReference; lastKnownFileType = image.jpeg; path = 2.jpg; sourceTree = "<group>"; };
		307A47621CC4CAAE008AE94D /* 3.jpg */ = {isa = PBXFileReference; lastKnownFileType = image.jpeg; path = 3.jpg; sourceTree = "<group>"; };
		307A47631CC4CAAE008AE94D /* 4.jpg */ = {isa = PBXFileReference; lastKnownFileType = image.jpeg; path = 4.jpg; sourceTree = "<group>"; };
		30F94B321CC3937200CB1666 /* HomeViewController.m */ = {isa = PBXFileReference; fileEncoding = 4; lastKnownFileType = sourcecode.c.objc; path = HomeViewController.m; sourceTree = "<group>"; };
		7216376B8709F76044ABE6FA /* Pods.release.xcconfig */ = {isa = PBXFileReference; includeInIndex = 1; lastKnownFileType = text.xcconfig; name = Pods.release.xcconfig; path = "Pods/Target Support Files/Pods/Pods.release.xcconfig"; sourceTree = "<group>"; };
		73C3C83C3468A2E83001BD39 /* Pods.debug.xcconfig */ = {isa = PBXFileReference; includeInIndex = 1; lastKnownFileType = text.xcconfig; name = Pods.debug.xcconfig; path = "Pods/Target Support Files/Pods/Pods.debug.xcconfig"; sourceTree = "<group>"; };
		7C1E085D1CC233EA0067ED20 /* MineViewController.h */ = {isa = PBXFileReference; fileEncoding = 4; lastKnownFileType = sourcecode.c.h; path = MineViewController.h; sourceTree = "<group>"; };
		7C1E085E1CC233EA0067ED20 /* MineViewController.m */ = {isa = PBXFileReference; fileEncoding = 4; lastKnownFileType = sourcecode.c.objc; path = MineViewController.m; sourceTree = "<group>"; };
		7C1E08601CC23C1C0067ED20 /* TabBarViewController.h */ = {isa = PBXFileReference; fileEncoding = 4; lastKnownFileType = sourcecode.c.h; path = TabBarViewController.h; sourceTree = "<group>"; };
		7C1E08611CC23C1C0067ED20 /* TabBarViewController.m */ = {isa = PBXFileReference; fileEncoding = 4; lastKnownFileType = sourcecode.c.objc; path = TabBarViewController.m; sourceTree = "<group>"; };
		7C1E08631CC23CAD0067ED20 /* HomeViewController.h */ = {isa = PBXFileReference; fileEncoding = 4; lastKnownFileType = sourcecode.c.h; path = HomeViewController.h; sourceTree = "<group>"; };
		7C1E08661CC23D0B0067ED20 /* MessageViewController.h */ = {isa = PBXFileReference; fileEncoding = 4; lastKnownFileType = sourcecode.c.h; path = MessageViewController.h; sourceTree = "<group>"; };
		7C1E08671CC23D0B0067ED20 /* MessageViewController.m */ = {isa = PBXFileReference; fileEncoding = 4; lastKnownFileType = sourcecode.c.objc; path = MessageViewController.m; sourceTree = "<group>"; };
		7C1E08691CC247F40067ED20 /* SignInViewController.h */ = {isa = PBXFileReference; fileEncoding = 4; lastKnownFileType = sourcecode.c.h; path = SignInViewController.h; sourceTree = "<group>"; };
		7C1E086A1CC247F40067ED20 /* SignInViewController.m */ = {isa = PBXFileReference; fileEncoding = 4; lastKnownFileType = sourcecode.c.objc; path = SignInViewController.m; sourceTree = "<group>"; };
		7C1E086C1CC248200067ED20 /* SignUpViewController.h */ = {isa = PBXFileReference; fileEncoding = 4; lastKnownFileType = sourcecode.c.h; path = SignUpViewController.h; sourceTree = "<group>"; };
		7C1E086D1CC248200067ED20 /* SignUpViewController.m */ = {isa = PBXFileReference; fileEncoding = 4; lastKnownFileType = sourcecode.c.objc; path = SignUpViewController.m; sourceTree = "<group>"; };
		7CABC6361CC490A400E74472 /* FaBuViewController.h */ = {isa = PBXFileReference; fileEncoding = 4; lastKnownFileType = sourcecode.c.h; path = FaBuViewController.h; sourceTree = "<group>"; };
		7CABC6371CC490A400E74472 /* FaBuViewController.m */ = {isa = PBXFileReference; fileEncoding = 4; lastKnownFileType = sourcecode.c.objc; path = FaBuViewController.m; sourceTree = "<group>"; };
		7CABC6391CC4CEEA00E74472 /* SheZhiViewController.h */ = {isa = PBXFileReference; fileEncoding = 4; lastKnownFileType = sourcecode.c.h; path = SheZhiViewController.h; sourceTree = "<group>"; };
		7CABC63A1CC4CEEA00E74472 /* SheZhiViewController.m */ = {isa = PBXFileReference; fileEncoding = 4; lastKnownFileType = sourcecode.c.objc; path = SheZhiViewController.m; sourceTree = "<group>"; };
		7CC038031CC37F36006FFA2B /* HomeTableViewCell.h */ = {isa = PBXFileReference; fileEncoding = 4; lastKnownFileType = sourcecode.c.h; path = HomeTableViewCell.h; sourceTree = "<group>"; };
		7CC038041CC37F36006FFA2B /* HomeTableViewCell.m */ = {isa = PBXFileReference; fileEncoding = 4; lastKnownFileType = sourcecode.c.objc; path = HomeTableViewCell.m; sourceTree = "<group>"; };
		DDF3F6FD02F57CD7698AB8F0 /* libPods.a */ = {isa = PBXFileReference; explicitFileType = archive.ar; includeInIndex = 0; path = libPods.a; sourceTree = BUILT_PRODUCTS_DIR; };
		E6F867F41CC5FBB20091C15F /* PersonalViewController.h */ = {isa = PBXFileReference; fileEncoding = 4; lastKnownFileType = sourcecode.c.h; path = PersonalViewController.h; sourceTree = "<group>"; };
		E6F867F51CC5FBB20091C15F /* PersonalViewController.m */ = {isa = PBXFileReference; fileEncoding = 4; lastKnownFileType = sourcecode.c.objc; path = PersonalViewController.m; sourceTree = "<group>"; };
		E6F867F71CC608A50091C15F /* FocusOnTableViewController.h */ = {isa = PBXFileReference; fileEncoding = 4; lastKnownFileType = sourcecode.c.h; path = FocusOnTableViewController.h; sourceTree = "<group>"; };
		E6F867F81CC608A50091C15F /* FocusOnTableViewController.m */ = {isa = PBXFileReference; fileEncoding = 4; lastKnownFileType = sourcecode.c.objc; path = FocusOnTableViewController.m; sourceTree = "<group>"; };
/* End PBXFileReference section */

/* Begin PBXFrameworksBuildPhase section */
		210854241CC20F5C0091D649 /* Frameworks */ = {
			isa = PBXFrameworksBuildPhase;
			buildActionMask = 2147483647;
			files = (
				210854801CC21F790091D649 /* Social.framework in Frameworks */,
				2108547E1CC21F6A0091D649 /* Accounts.framework in Frameworks */,
				2108547C1CC21F5D0091D649 /* CoreLocation.framework in Frameworks */,
				2108547A1CC21F4E0091D649 /* StoreKit.framework in Frameworks */,
				210854781CC21E1F0091D649 /* libsqlite3.tbd in Frameworks */,
				210854761CC21E010091D649 /* AudioToolbox.framework in Frameworks */,
				210854741CC21DF10091D649 /* SystemConfiguration.framework in Frameworks */,
				210854711CC21DE00091D649 /* Bolts.framework in Frameworks */,
				210854721CC21DE00091D649 /* Parse.framework in Frameworks */,
				29A8BED2CAFE1D932310508B /* libPods.a in Frameworks */,
			);
			runOnlyForDeploymentPostprocessing = 0;
		};
		210854401CC20F5C0091D649 /* Frameworks */ = {
			isa = PBXFrameworksBuildPhase;
			buildActionMask = 2147483647;
			files = (
			);
			runOnlyForDeploymentPostprocessing = 0;
		};
		2108544B1CC20F5C0091D649 /* Frameworks */ = {
			isa = PBXFrameworksBuildPhase;
			buildActionMask = 2147483647;
			files = (
			);
			runOnlyForDeploymentPostprocessing = 0;
		};
/* End PBXFrameworksBuildPhase section */

/* Begin PBXGroup section */
		2108541E1CC20F5C0091D649 = {
			isa = PBXGroup;
			children = (
				210854291CC20F5C0091D649 /* AdventureClub */,
				210854461CC20F5C0091D649 /* AdventureClubTests */,
				210854511CC20F5C0091D649 /* AdventureClubUITests */,
				210854281CC20F5C0091D649 /* Products */,
				C1A233A9A32236F09362B562 /* Pods */,
				5BB45CA222473CCAD285C432 /* Frameworks */,
			);
			sourceTree = "<group>";
		};
		210854281CC20F5C0091D649 /* Products */ = {
			isa = PBXGroup;
			children = (
				210854271CC20F5C0091D649 /* AdventureClub.app */,
				210854431CC20F5C0091D649 /* AdventureClubTests.xctest */,
				2108544E1CC20F5C0091D649 /* AdventureClubUITests.xctest */,
			);
			name = Products;
			sourceTree = "<group>";
		};
		210854291CC20F5C0091D649 /* AdventureClub */ = {
			isa = PBXGroup;
			children = (
				210854651CC21A340091D649 /* View */,
				210854641CC21A260091D649 /* Model */,
				210854631CC21A130091D649 /* Controller */,
				210854621CC219CF0091D649 /* Utility */,
				210854611CC219BF0091D649 /* 3rd */,
				210854601CC219A50091D649 /* Constant */,
				2108542A1CC20F5C0091D649 /* Supporting Files */,
			);
			path = AdventureClub;
			sourceTree = "<group>";
		};
		2108542A1CC20F5C0091D649 /* Supporting Files */ = {
			isa = PBXGroup;
			children = (
				307A47601CC4CAAE008AE94D /* 1.jpg */,
				307A47611CC4CAAE008AE94D /* 2.jpg */,
				307A47621CC4CAAE008AE94D /* 3.jpg */,
				307A47631CC4CAAE008AE94D /* 4.jpg */,
				2108542D1CC20F5C0091D649 /* AppDelegate.h */,
				2108542E1CC20F5C0091D649 /* AppDelegate.m */,
				2108543E1CC20F5C0091D649 /* Info.plist */,
				2108542B1CC20F5C0091D649 /* main.m */,
				2108546E1CC21C850091D649 /* PrefixHeader.pch */,
			);
			name = "Supporting Files";
			sourceTree = "<group>";
		};
		210854461CC20F5C0091D649 /* AdventureClubTests */ = {
			isa = PBXGroup;
			children = (
				210854471CC20F5C0091D649 /* AdventureClubTests.m */,
				210854491CC20F5C0091D649 /* Info.plist */,
			);
			path = AdventureClubTests;
			sourceTree = "<group>";
		};
		210854511CC20F5C0091D649 /* AdventureClubUITests */ = {
			isa = PBXGroup;
			children = (
				210854521CC20F5C0091D649 /* AdventureClubUITests.m */,
				210854541CC20F5C0091D649 /* Info.plist */,
			);
			path = AdventureClubUITests;
			sourceTree = "<group>";
		};
		210854601CC219A50091D649 /* Constant */ = {
			isa = PBXGroup;
			children = (
				2108546D1CC21C550091D649 /* Constants.h */,
			);
			name = Constant;
			sourceTree = "<group>";
		};
		210854611CC219BF0091D649 /* 3rd */ = {
			isa = PBXGroup;
			children = (
				307A47591CC4C7AC008AE94D /* src */,
				210A0F301CC37D0300FCE248 /* Lib */,
			);
			name = 3rd;
			sourceTree = "<group>";
		};
		210854621CC219CF0091D649 /* Utility */ = {
			isa = PBXGroup;
			children = (
				210854671CC21C460091D649 /* StorageMgr.h */,
				210854681CC21C460091D649 /* StorageMgr.m */,
				210854691CC21C460091D649 /* Utilities.h */,
				2108546A1CC21C460091D649 /* Utilities.m */,
			);
			name = Utility;
			sourceTree = "<group>";
		};
		210854631CC21A130091D649 /* Controller */ = {
			isa = PBXGroup;
			children = (
				210854661CC21A9A0091D649 /* ViewController */,
			);
			name = Controller;
			sourceTree = "<group>";
		};
		210854641CC21A260091D649 /* Model */ = {
			isa = PBXGroup;
			children = (
				210854361CC20F5C0091D649 /* AdventureClub.xcdatamodeld */,
			);
			name = Model;
			sourceTree = "<group>";
		};
		210854651CC21A340091D649 /* View */ = {
			isa = PBXGroup;
			children = (
				210854331CC20F5C0091D649 /* Main.storyboard */,
				210854391CC20F5C0091D649 /* Assets.xcassets */,
				2108543B1CC20F5C0091D649 /* LaunchScreen.storyboard */,
				300CFC721CC5C1E300E3F040 /* Storyboard1.storyboard */,
				300CFC741CC5C1FC00E3F040 /* Storyboard2.storyboard */,
				300CFC761CC5C20F00E3F040 /* Storyboard3.storyboard */,
			);
			name = View;
			sourceTree = "<group>";
		};
		210854661CC21A9A0091D649 /* ViewController */ = {
			isa = PBXGroup;
			children = (
				E6F867F71CC608A50091C15F /* FocusOnTableViewController.h */,
				E6F867F81CC608A50091C15F /* FocusOnTableViewController.m */,
				E6F867F41CC5FBB20091C15F /* PersonalViewController.h */,
				E6F867F51CC5FBB20091C15F /* PersonalViewController.m */,
				7C1E08601CC23C1C0067ED20 /* TabBarViewController.h */,
				7C1E08611CC23C1C0067ED20 /* TabBarViewController.m */,
				7C1E08631CC23CAD0067ED20 /* HomeViewController.h */,
				30F94B321CC3937200CB1666 /* HomeViewController.m */,
				7CC038031CC37F36006FFA2B /* HomeTableViewCell.h */,
				7CC038041CC37F36006FFA2B /* HomeTableViewCell.m */,
				7C1E08661CC23D0B0067ED20 /* MessageViewController.h */,
				7C1E08671CC23D0B0067ED20 /* MessageViewController.m */,
				7C1E085D1CC233EA0067ED20 /* MineViewController.h */,
				7C1E085E1CC233EA0067ED20 /* MineViewController.m */,
				7C1E08691CC247F40067ED20 /* SignInViewController.h */,
				7C1E086A1CC247F40067ED20 /* SignInViewController.m */,
				7C1E086C1CC248200067ED20 /* SignUpViewController.h */,
				7C1E086D1CC248200067ED20 /* SignUpViewController.m */,
				7CABC6361CC490A400E74472 /* FaBuViewController.h */,
				7CABC6371CC490A400E74472 /* FaBuViewController.m */,
				7CABC6391CC4CEEA00E74472 /* SheZhiViewController.h */,
				7CABC63A1CC4CEEA00E74472 /* SheZhiViewController.m */,
				300CFC781CC5C5CA00E3F040 /* resetpasswordViewController.h */,
				300CFC791CC5C5CA00E3F040 /* resetpasswordViewController.m */,
			);
			name = ViewController;
			sourceTree = "<group>";
		};
		210A0F301CC37D0300FCE248 /* Lib */ = {
			isa = PBXGroup;
			children = (
				210A0F311CC37D3600FCE248 /* SDCycleScrollView */,
			);
			name = Lib;
			sourceTree = "<group>";
		};
		210A0F311CC37D3600FCE248 /* SDCycleScrollView */ = {
			isa = PBXGroup;
			children = (
				210A0F3F1CC37D6100FCE248 /* SDCollectionViewCell.h */,
				210A0F401CC37D6100FCE248 /* SDCollectionViewCell.m */,
				210A0F411CC37D6100FCE248 /* SDCycleScrollView.h */,
				210A0F421CC37D6100FCE248 /* SDCycleScrollView.m */,
				210A0F431CC37D6100FCE248 /* UIView+SDExtension.h */,
				210A0F441CC37D6100FCE248 /* UIView+SDExtension.m */,
				210A0F321CC37D4400FCE248 /* PageControl */,
			);
			name = SDCycleScrollView;
			sourceTree = "<group>";
		};
		210A0F321CC37D4400FCE248 /* PageControl */ = {
			isa = PBXGroup;
			children = (
				210A0F331CC37D5200FCE248 /* TAAbstractDotView.h */,
				210A0F341CC37D5200FCE248 /* TAAbstractDotView.m */,
				210A0F351CC37D5200FCE248 /* TAAnimatedDotView.h */,
				210A0F361CC37D5200FCE248 /* TAAnimatedDotView.m */,
				210A0F371CC37D5200FCE248 /* TADotView.h */,
				210A0F381CC37D5200FCE248 /* TADotView.m */,
				210A0F391CC37D5200FCE248 /* TAPageControl.h */,
				210A0F3A1CC37D5200FCE248 /* TAPageControl.m */,
			);
			name = PageControl;
			sourceTree = "<group>";
		};
		307A47591CC4C7AC008AE94D /* src */ = {
			isa = PBXGroup;
			children = (
				307A475D1CC4C90E008AE94D /* KSGuideManager.h */,
				307A475E1CC4C90E008AE94D /* KSGuideManager.m */,
			);
			name = src;
			sourceTree = "<group>";
		};
		5BB45CA222473CCAD285C432 /* Frameworks */ = {
			isa = PBXGroup;
			children = (
				2108547F1CC21F790091D649 /* Social.framework */,
				2108547D1CC21F6A0091D649 /* Accounts.framework */,
				2108547B1CC21F5D0091D649 /* CoreLocation.framework */,
				210854791CC21F4E0091D649 /* StoreKit.framework */,
				210854771CC21E1F0091D649 /* libsqlite3.tbd */,
				210854751CC21E010091D649 /* AudioToolbox.framework */,
				210854731CC21DF10091D649 /* SystemConfiguration.framework */,
				2108546F1CC21DE00091D649 /* Bolts.framework */,
				210854701CC21DE00091D649 /* Parse.framework */,
				DDF3F6FD02F57CD7698AB8F0 /* libPods.a */,
			);
			name = Frameworks;
			sourceTree = "<group>";
		};
		C1A233A9A32236F09362B562 /* Pods */ = {
			isa = PBXGroup;
			children = (
				73C3C83C3468A2E83001BD39 /* Pods.debug.xcconfig */,
				7216376B8709F76044ABE6FA /* Pods.release.xcconfig */,
			);
			name = Pods;
			sourceTree = "<group>";
		};
/* End PBXGroup section */

/* Begin PBXNativeTarget section */
		210854261CC20F5C0091D649 /* AdventureClub */ = {
			isa = PBXNativeTarget;
			buildConfigurationList = 210854571CC20F5C0091D649 /* Build configuration list for PBXNativeTarget "AdventureClub" */;
			buildPhases = (
				AF21A11EF27BCC1A00DEEECE /* Check Pods Manifest.lock */,
				210854231CC20F5C0091D649 /* Sources */,
				210854241CC20F5C0091D649 /* Frameworks */,
				210854251CC20F5C0091D649 /* Resources */,
				B79A7142AF68B7ADA784531C /* Embed Pods Frameworks */,
				C4DB6D7A6F3BCA2943A3FB85 /* Copy Pods Resources */,
			);
			buildRules = (
			);
			dependencies = (
			);
			name = AdventureClub;
			productName = AdventureClub;
			productReference = 210854271CC20F5C0091D649 /* AdventureClub.app */;
			productType = "com.apple.product-type.application";
		};
		210854421CC20F5C0091D649 /* AdventureClubTests */ = {
			isa = PBXNativeTarget;
			buildConfigurationList = 2108545A1CC20F5C0091D649 /* Build configuration list for PBXNativeTarget "AdventureClubTests" */;
			buildPhases = (
				2108543F1CC20F5C0091D649 /* Sources */,
				210854401CC20F5C0091D649 /* Frameworks */,
				210854411CC20F5C0091D649 /* Resources */,
			);
			buildRules = (
			);
			dependencies = (
				210854451CC20F5C0091D649 /* PBXTargetDependency */,
			);
			name = AdventureClubTests;
			productName = AdventureClubTests;
			productReference = 210854431CC20F5C0091D649 /* AdventureClubTests.xctest */;
			productType = "com.apple.product-type.bundle.unit-test";
		};
		2108544D1CC20F5C0091D649 /* AdventureClubUITests */ = {
			isa = PBXNativeTarget;
			buildConfigurationList = 2108545D1CC20F5C0091D649 /* Build configuration list for PBXNativeTarget "AdventureClubUITests" */;
			buildPhases = (
				2108544A1CC20F5C0091D649 /* Sources */,
				2108544B1CC20F5C0091D649 /* Frameworks */,
				2108544C1CC20F5C0091D649 /* Resources */,
			);
			buildRules = (
			);
			dependencies = (
				210854501CC20F5C0091D649 /* PBXTargetDependency */,
			);
			name = AdventureClubUITests;
			productName = AdventureClubUITests;
			productReference = 2108544E1CC20F5C0091D649 /* AdventureClubUITests.xctest */;
			productType = "com.apple.product-type.bundle.ui-testing";
		};
/* End PBXNativeTarget section */

/* Begin PBXProject section */
		2108541F1CC20F5C0091D649 /* Project object */ = {
			isa = PBXProject;
			attributes = {
				LastUpgradeCheck = 0720;
				ORGANIZATIONNAME = Family;
				TargetAttributes = {
					210854261CC20F5C0091D649 = {
						CreatedOnToolsVersion = 7.2.1;
					};
					210854421CC20F5C0091D649 = {
						CreatedOnToolsVersion = 7.2.1;
						TestTargetID = 210854261CC20F5C0091D649;
					};
					2108544D1CC20F5C0091D649 = {
						CreatedOnToolsVersion = 7.2.1;
						TestTargetID = 210854261CC20F5C0091D649;
					};
				};
			};
			buildConfigurationList = 210854221CC20F5C0091D649 /* Build configuration list for PBXProject "AdventureClub" */;
			compatibilityVersion = "Xcode 3.2";
			developmentRegion = English;
			hasScannedForEncodings = 0;
			knownRegions = (
				en,
				Base,
			);
			mainGroup = 2108541E1CC20F5C0091D649;
			productRefGroup = 210854281CC20F5C0091D649 /* Products */;
			projectDirPath = "";
			projectRoot = "";
			targets = (
				210854261CC20F5C0091D649 /* AdventureClub */,
				210854421CC20F5C0091D649 /* AdventureClubTests */,
				2108544D1CC20F5C0091D649 /* AdventureClubUITests */,
			);
		};
/* End PBXProject section */

/* Begin PBXResourcesBuildPhase section */
		210854251CC20F5C0091D649 /* Resources */ = {
			isa = PBXResourcesBuildPhase;
			buildActionMask = 2147483647;
			files = (
				2108543D1CC20F5C0091D649 /* LaunchScreen.storyboard in Resources */,
				300CFC771CC5C20F00E3F040 /* Storyboard3.storyboard in Resources */,
				300CFC751CC5C1FC00E3F040 /* Storyboard2.storyboard in Resources */,
				307A47671CC4CAAE008AE94D /* 4.jpg in Resources */,
				307A47641CC4CAAE008AE94D /* 1.jpg in Resources */,
				307A47651CC4CAAE008AE94D /* 2.jpg in Resources */,
				307A47661CC4CAAE008AE94D /* 3.jpg in Resources */,
				2108543A1CC20F5C0091D649 /* Assets.xcassets in Resources */,
				210854351CC20F5C0091D649 /* Main.storyboard in Resources */,
				300CFC731CC5C1E300E3F040 /* Storyboard1.storyboard in Resources */,
			);
			runOnlyForDeploymentPostprocessing = 0;
		};
		210854411CC20F5C0091D649 /* Resources */ = {
			isa = PBXResourcesBuildPhase;
			buildActionMask = 2147483647;
			files = (
			);
			runOnlyForDeploymentPostprocessing = 0;
		};
		2108544C1CC20F5C0091D649 /* Resources */ = {
			isa = PBXResourcesBuildPhase;
			buildActionMask = 2147483647;
			files = (
			);
			runOnlyForDeploymentPostprocessing = 0;
		};
/* End PBXResourcesBuildPhase section */

/* Begin PBXShellScriptBuildPhase section */
		AF21A11EF27BCC1A00DEEECE /* Check Pods Manifest.lock */ = {
			isa = PBXShellScriptBuildPhase;
			buildActionMask = 2147483647;
			files = (
			);
			inputPaths = (
			);
			name = "Check Pods Manifest.lock";
			outputPaths = (
			);
			runOnlyForDeploymentPostprocessing = 0;
			shellPath = /bin/sh;
			shellScript = "diff \"${PODS_ROOT}/../Podfile.lock\" \"${PODS_ROOT}/Manifest.lock\" > /dev/null\nif [[ $? != 0 ]] ; then\n    cat << EOM\nerror: The sandbox is not in sync with the Podfile.lock. Run 'pod install' or update your CocoaPods installation.\nEOM\n    exit 1\nfi\n";
			showEnvVarsInLog = 0;
		};
		B79A7142AF68B7ADA784531C /* Embed Pods Frameworks */ = {
			isa = PBXShellScriptBuildPhase;
			buildActionMask = 2147483647;
			files = (
			);
			inputPaths = (
			);
			name = "Embed Pods Frameworks";
			outputPaths = (
			);
			runOnlyForDeploymentPostprocessing = 0;
			shellPath = /bin/sh;
			shellScript = "\"${SRCROOT}/Pods/Target Support Files/Pods/Pods-frameworks.sh\"\n";
			showEnvVarsInLog = 0;
		};
		C4DB6D7A6F3BCA2943A3FB85 /* Copy Pods Resources */ = {
			isa = PBXShellScriptBuildPhase;
			buildActionMask = 2147483647;
			files = (
			);
			inputPaths = (
			);
			name = "Copy Pods Resources";
			outputPaths = (
			);
			runOnlyForDeploymentPostprocessing = 0;
			shellPath = /bin/sh;
			shellScript = "\"${SRCROOT}/Pods/Target Support Files/Pods/Pods-resources.sh\"\n";
			showEnvVarsInLog = 0;
		};
/* End PBXShellScriptBuildPhase section */

/* Begin PBXSourcesBuildPhase section */
		210854231CC20F5C0091D649 /* Sources */ = {
			isa = PBXSourcesBuildPhase;
			buildActionMask = 2147483647;
			files = (
				7CC038051CC37F36006FFA2B /* HomeTableViewCell.m in Sources */,
				7C1E086B1CC247F40067ED20 /* SignInViewController.m in Sources */,
				210A0F3D1CC37D5200FCE248 /* TADotView.m in Sources */,
				210A0F3E1CC37D5200FCE248 /* TAPageControl.m in Sources */,
				210A0F3B1CC37D5200FCE248 /* TAAbstractDotView.m in Sources */,
				2108546C1CC21C460091D649 /* Utilities.m in Sources */,
				E6F867F61CC5FBB20091C15F /* PersonalViewController.m in Sources */,
				2108542F1CC20F5C0091D649 /* AppDelegate.m in Sources */,
				7C1E08621CC23C1C0067ED20 /* TabBarViewController.m in Sources */,
				7CABC6381CC490A400E74472 /* FaBuViewController.m in Sources */,
				307A475F1CC4C90E008AE94D /* KSGuideManager.m in Sources */,
				210854381CC20F5C0091D649 /* AdventureClub.xcdatamodeld in Sources */,
				300CFC7A1CC5C5CA00E3F040 /* resetpasswordViewController.m in Sources */,
				7C1E085F1CC233EA0067ED20 /* MineViewController.m in Sources */,
				2108542C1CC20F5C0091D649 /* main.m in Sources */,
				7C1E08681CC23D0B0067ED20 /* MessageViewController.m in Sources */,
				210A0F3C1CC37D5200FCE248 /* TAAnimatedDotView.m in Sources */,
				7CABC63B1CC4CEEA00E74472 /* SheZhiViewController.m in Sources */,
				E6F867F91CC608A50091C15F /* FocusOnTableViewController.m in Sources */,
				2108546B1CC21C460091D649 /* StorageMgr.m in Sources */,
				210A0F471CC37D6100FCE248 /* UIView+SDExtension.m in Sources */,
				7C1E086E1CC248200067ED20 /* SignUpViewController.m in Sources */,
				210A0F451CC37D6100FCE248 /* SDCollectionViewCell.m in Sources */,
				30F94B331CC3937200CB1666 /* HomeViewController.m in Sources */,
				210A0F461CC37D6100FCE248 /* SDCycleScrollView.m in Sources */,
			);
			runOnlyForDeploymentPostprocessing = 0;
		};
		2108543F1CC20F5C0091D649 /* Sources */ = {
			isa = PBXSourcesBuildPhase;
			buildActionMask = 2147483647;
			files = (
				210854481CC20F5C0091D649 /* AdventureClubTests.m in Sources */,
			);
			runOnlyForDeploymentPostprocessing = 0;
		};
		2108544A1CC20F5C0091D649 /* Sources */ = {
			isa = PBXSourcesBuildPhase;
			buildActionMask = 2147483647;
			files = (
				210854531CC20F5C0091D649 /* AdventureClubUITests.m in Sources */,
			);
			runOnlyForDeploymentPostprocessing = 0;
		};
/* End PBXSourcesBuildPhase section */

/* Begin PBXTargetDependency section */
		210854451CC20F5C0091D649 /* PBXTargetDependency */ = {
			isa = PBXTargetDependency;
			target = 210854261CC20F5C0091D649 /* AdventureClub */;
			targetProxy = 210854441CC20F5C0091D649 /* PBXContainerItemProxy */;
		};
		210854501CC20F5C0091D649 /* PBXTargetDependency */ = {
			isa = PBXTargetDependency;
			target = 210854261CC20F5C0091D649 /* AdventureClub */;
			targetProxy = 2108544F1CC20F5C0091D649 /* PBXContainerItemProxy */;
		};
/* End PBXTargetDependency section */

/* Begin PBXVariantGroup section */
		210854331CC20F5C0091D649 /* Main.storyboard */ = {
			isa = PBXVariantGroup;
			children = (
				210854341CC20F5C0091D649 /* Base */,
			);
			name = Main.storyboard;
			sourceTree = "<group>";
		};
		2108543B1CC20F5C0091D649 /* LaunchScreen.storyboard */ = {
			isa = PBXVariantGroup;
			children = (
				2108543C1CC20F5C0091D649 /* Base */,
			);
			name = LaunchScreen.storyboard;
			sourceTree = "<group>";
		};
/* End PBXVariantGroup section */

/* Begin XCBuildConfiguration section */
		210854551CC20F5C0091D649 /* Debug */ = {
			isa = XCBuildConfiguration;
			buildSettings = {
				ALWAYS_SEARCH_USER_PATHS = NO;
				CLANG_CXX_LANGUAGE_STANDARD = "gnu++0x";
				CLANG_CXX_LIBRARY = "libc++";
				CLANG_ENABLE_MODULES = YES;
				CLANG_ENABLE_OBJC_ARC = YES;
				CLANG_WARN_BOOL_CONVERSION = YES;
				CLANG_WARN_CONSTANT_CONVERSION = YES;
				CLANG_WARN_DIRECT_OBJC_ISA_USAGE = YES_ERROR;
				CLANG_WARN_EMPTY_BODY = YES;
				CLANG_WARN_ENUM_CONVERSION = YES;
				CLANG_WARN_INT_CONVERSION = YES;
				CLANG_WARN_OBJC_ROOT_CLASS = YES_ERROR;
				CLANG_WARN_UNREACHABLE_CODE = YES;
				CLANG_WARN__DUPLICATE_METHOD_MATCH = YES;
				"CODE_SIGN_IDENTITY[sdk=iphoneos*]" = "iPhone Developer";
				COPY_PHASE_STRIP = NO;
				DEBUG_INFORMATION_FORMAT = dwarf;
				ENABLE_STRICT_OBJC_MSGSEND = YES;
				ENABLE_TESTABILITY = YES;
				GCC_C_LANGUAGE_STANDARD = gnu99;
				GCC_DYNAMIC_NO_PIC = NO;
				GCC_NO_COMMON_BLOCKS = YES;
				GCC_OPTIMIZATION_LEVEL = 0;
				GCC_PREPROCESSOR_DEFINITIONS = (
					"DEBUG=1",
					"$(inherited)",
				);
				GCC_WARN_64_TO_32_BIT_CONVERSION = YES;
				GCC_WARN_ABOUT_RETURN_TYPE = YES_ERROR;
				GCC_WARN_UNDECLARED_SELECTOR = YES;
				GCC_WARN_UNINITIALIZED_AUTOS = YES_AGGRESSIVE;
				GCC_WARN_UNUSED_FUNCTION = YES;
				GCC_WARN_UNUSED_VARIABLE = YES;
				IPHONEOS_DEPLOYMENT_TARGET = 9.2;
				MTL_ENABLE_DEBUG_INFO = YES;
				ONLY_ACTIVE_ARCH = YES;
				SDKROOT = iphoneos;
			};
			name = Debug;
		};
		210854561CC20F5C0091D649 /* Release */ = {
			isa = XCBuildConfiguration;
			buildSettings = {
				ALWAYS_SEARCH_USER_PATHS = NO;
				CLANG_CXX_LANGUAGE_STANDARD = "gnu++0x";
				CLANG_CXX_LIBRARY = "libc++";
				CLANG_ENABLE_MODULES = YES;
				CLANG_ENABLE_OBJC_ARC = YES;
				CLANG_WARN_BOOL_CONVERSION = YES;
				CLANG_WARN_CONSTANT_CONVERSION = YES;
				CLANG_WARN_DIRECT_OBJC_ISA_USAGE = YES_ERROR;
				CLANG_WARN_EMPTY_BODY = YES;
				CLANG_WARN_ENUM_CONVERSION = YES;
				CLANG_WARN_INT_CONVERSION = YES;
				CLANG_WARN_OBJC_ROOT_CLASS = YES_ERROR;
				CLANG_WARN_UNREACHABLE_CODE = YES;
				CLANG_WARN__DUPLICATE_METHOD_MATCH = YES;
				"CODE_SIGN_IDENTITY[sdk=iphoneos*]" = "iPhone Developer";
				COPY_PHASE_STRIP = NO;
				DEBUG_INFORMATION_FORMAT = "dwarf-with-dsym";
				ENABLE_NS_ASSERTIONS = NO;
				ENABLE_STRICT_OBJC_MSGSEND = YES;
				GCC_C_LANGUAGE_STANDARD = gnu99;
				GCC_NO_COMMON_BLOCKS = YES;
				GCC_WARN_64_TO_32_BIT_CONVERSION = YES;
				GCC_WARN_ABOUT_RETURN_TYPE = YES_ERROR;
				GCC_WARN_UNDECLARED_SELECTOR = YES;
				GCC_WARN_UNINITIALIZED_AUTOS = YES_AGGRESSIVE;
				GCC_WARN_UNUSED_FUNCTION = YES;
				GCC_WARN_UNUSED_VARIABLE = YES;
				IPHONEOS_DEPLOYMENT_TARGET = 9.2;
				MTL_ENABLE_DEBUG_INFO = NO;
				SDKROOT = iphoneos;
				VALIDATE_PRODUCT = YES;
			};
			name = Release;
		};
		210854581CC20F5C0091D649 /* Debug */ = {
			isa = XCBuildConfiguration;
			baseConfigurationReference = 73C3C83C3468A2E83001BD39 /* Pods.debug.xcconfig */;
			buildSettings = {
				ASSETCATALOG_COMPILER_APPICON_NAME = AppIcon;
				FRAMEWORK_SEARCH_PATHS = (
					"$(inherited)",
					"$(PROJECT_DIR)/AdventureClub",
				);
				GCC_PRECOMPILE_PREFIX_HEADER = YES;
				GCC_PREFIX_HEADER = AdventureClub/PrefixHeader.pch;
				INFOPLIST_FILE = AdventureClub/Info.plist;
				IPHONEOS_DEPLOYMENT_TARGET = 9.1;
				LD_RUNPATH_SEARCH_PATHS = "$(inherited) @executable_path/Frameworks";
				PRODUCT_BUNDLE_IDENTIFIER = Fy.AdventureClub;
				PRODUCT_NAME = "$(TARGET_NAME)";
			};
			name = Debug;
		};
		210854591CC20F5C0091D649 /* Release */ = {
			isa = XCBuildConfiguration;
			baseConfigurationReference = 7216376B8709F76044ABE6FA /* Pods.release.xcconfig */;
			buildSettings = {
				ASSETCATALOG_COMPILER_APPICON_NAME = AppIcon;
				FRAMEWORK_SEARCH_PATHS = (
					"$(inherited)",
					"$(PROJECT_DIR)/AdventureClub",
				);
				GCC_PRECOMPILE_PREFIX_HEADER = YES;
				GCC_PREFIX_HEADER = AdventureClub/PrefixHeader.pch;
				INFOPLIST_FILE = AdventureClub/Info.plist;
				IPHONEOS_DEPLOYMENT_TARGET = 9.1;
				LD_RUNPATH_SEARCH_PATHS = "$(inherited) @executable_path/Frameworks";
				PRODUCT_BUNDLE_IDENTIFIER = Fy.AdventureClub;
				PRODUCT_NAME = "$(TARGET_NAME)";
			};
			name = Release;
		};
		2108545B1CC20F5C0091D649 /* Debug */ = {
			isa = XCBuildConfiguration;
			buildSettings = {
				BUNDLE_LOADER = "$(TEST_HOST)";
				INFOPLIST_FILE = AdventureClubTests/Info.plist;
				LD_RUNPATH_SEARCH_PATHS = "$(inherited) @executable_path/Frameworks @loader_path/Frameworks";
				PRODUCT_BUNDLE_IDENTIFIER = Fy.AdventureClubTests;
				PRODUCT_NAME = "$(TARGET_NAME)";
				TEST_HOST = "$(BUILT_PRODUCTS_DIR)/AdventureClub.app/AdventureClub";
			};
			name = Debug;
		};
		2108545C1CC20F5C0091D649 /* Release */ = {
			isa = XCBuildConfiguration;
			buildSettings = {
				BUNDLE_LOADER = "$(TEST_HOST)";
				INFOPLIST_FILE = AdventureClubTests/Info.plist;
				LD_RUNPATH_SEARCH_PATHS = "$(inherited) @executable_path/Frameworks @loader_path/Frameworks";
				PRODUCT_BUNDLE_IDENTIFIER = Fy.AdventureClubTests;
				PRODUCT_NAME = "$(TARGET_NAME)";
				TEST_HOST = "$(BUILT_PRODUCTS_DIR)/AdventureClub.app/AdventureClub";
			};
			name = Release;
		};
		2108545E1CC20F5C0091D649 /* Debug */ = {
			isa = XCBuildConfiguration;
			buildSettings = {
				INFOPLIST_FILE = AdventureClubUITests/Info.plist;
				LD_RUNPATH_SEARCH_PATHS = "$(inherited) @executable_path/Frameworks @loader_path/Frameworks";
				PRODUCT_BUNDLE_IDENTIFIER = Fy.AdventureClubUITests;
				PRODUCT_NAME = "$(TARGET_NAME)";
				TEST_TARGET_NAME = AdventureClub;
				USES_XCTRUNNER = YES;
			};
			name = Debug;
		};
		2108545F1CC20F5C0091D649 /* Release */ = {
			isa = XCBuildConfiguration;
			buildSettings = {
				INFOPLIST_FILE = AdventureClubUITests/Info.plist;
				LD_RUNPATH_SEARCH_PATHS = "$(inherited) @executable_path/Frameworks @loader_path/Frameworks";
				PRODUCT_BUNDLE_IDENTIFIER = Fy.AdventureClubUITests;
				PRODUCT_NAME = "$(TARGET_NAME)";
				TEST_TARGET_NAME = AdventureClub;
				USES_XCTRUNNER = YES;
			};
			name = Release;
		};
/* End XCBuildConfiguration section */

/* Begin XCConfigurationList section */
		210854221CC20F5C0091D649 /* Build configuration list for PBXProject "AdventureClub" */ = {
			isa = XCConfigurationList;
			buildConfigurations = (
				210854551CC20F5C0091D649 /* Debug */,
				210854561CC20F5C0091D649 /* Release */,
			);
			defaultConfigurationIsVisible = 0;
			defaultConfigurationName = Release;
		};
		210854571CC20F5C0091D649 /* Build configuration list for PBXNativeTarget "AdventureClub" */ = {
			isa = XCConfigurationList;
			buildConfigurations = (
				210854581CC20F5C0091D649 /* Debug */,
				210854591CC20F5C0091D649 /* Release */,
			);
			defaultConfigurationIsVisible = 0;
			defaultConfigurationName = Release;
		};
		2108545A1CC20F5C0091D649 /* Build configuration list for PBXNativeTarget "AdventureClubTests" */ = {
			isa = XCConfigurationList;
			buildConfigurations = (
				2108545B1CC20F5C0091D649 /* Debug */,
				2108545C1CC20F5C0091D649 /* Release */,
			);
			defaultConfigurationIsVisible = 0;
			defaultConfigurationName = Release;
		};
		2108545D1CC20F5C0091D649 /* Build configuration list for PBXNativeTarget "AdventureClubUITests" */ = {
			isa = XCConfigurationList;
			buildConfigurations = (
				2108545E1CC20F5C0091D649 /* Debug */,
				2108545F1CC20F5C0091D649 /* Release */,
			);
			defaultConfigurationIsVisible = 0;
			defaultConfigurationName = Release;
		};
/* End XCConfigurationList section */

/* Begin XCVersionGroup section */
		210854361CC20F5C0091D649 /* AdventureClub.xcdatamodeld */ = {
			isa = XCVersionGroup;
			children = (
				210854371CC20F5C0091D649 /* AdventureClub.xcdatamodel */,
			);
			currentVersion = 210854371CC20F5C0091D649 /* AdventureClub.xcdatamodel */;
			path = AdventureClub.xcdatamodeld;
			sourceTree = "<group>";
			versionGroupType = wrapper.xcdatamodel;
		};
/* End XCVersionGroup section */
	};
	rootObject = 2108541F1CC20F5C0091D649 /* Project object */;
}
